{
  "name": "shopreturn-access-check",
  "lockfileVersion": 3,
  "requires": true,
  "packages": {
    "": {
      "name": "shopreturn-access-check",
      "dependencies": {
        "@seliseblocks/client": "^0.2.0"
      }
    },
    "node_modules/@seliseblocks/client": {
      "version": "0.2.0",
      "resolved": "https://registry.npmjs.org/@seliseblocks/client/-/client-0.2.0.tgz",
      "integrity": "sha512-+z0bnsagRBxFxE/lQ0cZO4y9PVLPw5roS5G2LsBqixikchPiIPTHC1I1hbt40sWJBFOzeRdC2gGzFNZvY5yJnw==",
      "license": "MIT",
      "engines": {
        "node": ">=20"
      }
    }
  }
}
